// !$*UTF8*$!
{
	archiveVersion = 1;
	classes = {
	};
	objectVersion = 46;
	objects = {

/* Begin PBXBuildFile section */
		7B80E0901E4E4ED300622937 /* AppDelegate.swift in Sources */ = {isa = PBXBuildFile; fileRef = 7B80E08F1E4E4ED300622937 /* AppDelegate.swift */; };
		7B80E0921E4E4ED300622937 /* ViewController.swift in Sources */ = {isa = PBXBuildFile; fileRef = 7B80E0911E4E4ED300622937 /* ViewController.swift */; };
		7B80E0941E4E4ED300622937 /* Assets.xcassets in Resources */ = {isa = PBXBuildFile; fileRef = 7B80E0931E4E4ED300622937 /* Assets.xcassets */; };
		7B80E0971E4E4ED300622937 /* Main.storyboard in Resources */ = {isa = PBXBuildFile; fileRef = 7B80E0951E4E4ED300622937 /* Main.storyboard */; };
		7B80E09F1E4E51BF00622937 /* WindowController.swift in Sources */ = {isa = PBXBuildFile; fileRef = 7B80E09E1E4E51BF00622937 /* WindowController.swift */; };
/* End PBXBuildFile section */

/* Begin PBXFileReference section */
		7B80E08C1E4E4ED300622937 /* BrowserExperiments.app */ = {isa = PBXFileReference; explicitFileType = wrapper.application; includeInIndex = 0; path = BrowserExperiments.app; sourceTree = BUILT_PRODUCTS_DIR; };
		7B80E08F1E4E4ED300622937 /* AppDelegate.swift */ = {isa = PBXFileReference; lastKnownFileType = sourcecode.swift; path = AppDelegate.swift; sourceTree = "<group>"; };
		7B80E0911E4E4ED300622937 /* ViewController.swift */ = {isa = PBXFileReference; lastKnownFileType = sourcecode.swift; path = ViewController.swift; sourceTree = "<group>"; };
		7B80E0931E4E4ED300622937 /* Assets.xcassets */ = {isa = PBXFileReference; lastKnownFileType = folder.assetcatalog; path = Assets.xcassets; sourceTree = "<group>"; };
		7B80E0961E4E4ED300622937 /* Base */ = {isa = PBXFileReference; lastKnownFileType = file.storyboard; name = Base; path = Base.lproj/Main.storyboard; sourceTree = "<group>"; };
		7B80E0981E4E4ED300622937 /* Info.plist */ = {isa = PBXFileReference; lastKnownFileType = text.plist.xml; path = Info.plist; sourceTree = "<group>"; };
		7B80E09E1E4E51BF00622937 /* WindowController.swift */ = {isa = PBXFileReference; fileEncoding = 4; lastKnownFileType = sourcecode.swift; path = WindowController.swift; sourceTree = "<group>"; };
/* End PBXFileReference section */

/* Begin PBXFrameworksBuildPhase section */
		7B80E0891E4E4ED300622937 /* Frameworks */ = {
			isa = PBXFrameworksBuildPhase;
			buildActionMask = 2147483647;
			files = (
			);
			runOnlyForDeploymentPostprocessing = 0;
		};
/* End PBXFrameworksBuildPhase section */

/* Begin PBXGroup section */
		7B80E0831E4E4ED300622937 = {
			isa = PBXGroup;
			children = (
				7B80E08E1E4E4ED300622937 /* BrowserExperiments */,
				7B80E08D1E4E4ED300622937 /* Products */,
			);
			sourceTree = "<group>";
		};
		7B80E08D1E4E4ED300622937 /* Products */ = {
			isa = PBXGroup;
			children = (
				7B80E08C1E4E4ED300622937 /* BrowserExperiments.app */,
			);
			name = Products;
			sourceTree = "<group>";
		};
		7B80E08E1E4E4ED300622937 /* BrowserExperiments */ = {
			isa = PBXGroup;
			children = (
				7B80E08F1E4E4ED300622937 /* AppDelegate.swift */,
				7B80E0911E4E4ED300622937 /* ViewController.swift */,
				7B80E0931E4E4ED300622937 /* Assets.xcassets */,
				7B80E0951E4E4ED300622937 /* Main.storyboard */,
				7B80E0981E4E4ED300622937 /* Info.plist */,
				7B80E09E1E4E51BF00622937 /* WindowController.swift */,
			);
			path = BrowserExperiments;
			sourceTree = "<group>";
		};
/* End PBXGroup section */

/* Begin PBXNativeTarget section */
		7B80E08B1E4E4ED300622937 /* BrowserExperiments */ = {
			isa = PBXNativeTarget;
			buildConfigurationList = 7B80E09B1E4E4ED300622937 /* Build configuration list for PBXNativeTarget "BrowserExperiments" */;
			buildPhases = (
				7B80E0881E4E4ED300622937 /* Sources */,
				7B80E0891E4E4ED300622937 /* Frameworks */,
				7B80E08A1E4E4ED300622937 /* Resources */,
			);
			buildRules = (
			);
			dependencies = (
			);
			name = BrowserExperiments;
			productName = BrowserExperiments;
			productReference = 7B80E08C1E4E4ED300622937 /* BrowserExperiments.app */;
			productType = "com.apple.product-type.application";
		};
/* End PBXNativeTarget section */

/* Begin PBXProject section */
		7B80E0841E4E4ED300622937 /* Project object */ = {
			isa = PBXProject;
			attributes = {
				LastSwiftUpdateCheck = 0820;
				LastUpgradeCheck = 0820;
				ORGANIZATIONNAME = "Dan Lindsay";
				TargetAttributes = {
					7B80E08B1E4E4ED300622937 = {
						CreatedOnToolsVersion = 8.2.1;
						DevelopmentTeam = 999T2QHS45;
						ProvisioningStyle = Automatic;
					};
				};
			};
			buildConfigurationList = 7B80E0871E4E4ED300622937 /* Build configuration list for PBXProject "BrowserExperiments" */;
			compatibilityVersion = "Xcode 3.2";
			developmentRegion = English;
			hasScannedForEncodings = 0;
			knownRegions = (
				en,
				Base,
			);
			mainGroup = 7B80E0831E4E4ED300622937;
			productRefGroup = 7B80E08D1E4E4ED300622937 /* Products */;
			projectDirPath = "";
			projectRoot = "";
			targets = (
				7B80E08B1E4E4ED300622937 /* BrowserExperiments */,
			);
		};
/* End PBXProject section */

/* Begin PBXResourcesBuildPhase section */
		7B80E08A1E4E4ED300622937 /* Resources */ = {
			isa = PBXResourcesBuildPhase;
			buildActionMask = 2147483647;
			files = (
				7B80E0941E4E4ED300622937 /* Assets.xcassets in Resources */,
				7B80E0971E4E4ED300622937 /* Main.storyboard in Resources */,
			);
			runOnlyForDeploymentPostprocessing = 0;
		};
/* End PBXResourcesBuildPhase section */

/* Begin PBXSourcesBuildPhase section */
		7B80E0881E4E4ED300622937 /* Sources */ = {
			isa = PBXSourcesBuildPhase;
			buildActionMask = 2147483647;
			files = (
				7B80E0921E4E4ED300622937 /* ViewController.swift in Sources */,
				7B80E09F1E4E51BF00622937 /* WindowController.swift in Sources */,
				7B80E0901E4E4ED300622937 /* AppDelegate.swift in Sources */,
			);
			runOnlyForDeploymentPostprocessing = 0;
		};
/* End PBXSourcesBuildPhase section */

/* Begin PBXVariantGroup section */
		7B80E0951E4E4ED300622937 /* Main.storyboard */ = {
			isa = PBXVariantGroup;
			children = (
				7B80E0961E4E4ED300622937 /* Base */,
			);
			name = Main.storyboard;
			sourceTree = "<group>";
		};
/* End PBXVariantGroup section */

/* Begin XCBuildConfiguration section */
		7B80E0991E4E4ED300622937 /* Debug */ = {
			isa = XCBuildConfiguration;
			buildSettings = {
				ALWAYS_SEARCH_USER_PATHS = NO;
				CLANG_ANALYZER_NONNULL = YES;
				CLANG_CXX_LANGUAGE_STANDARD = "gnu++0x";
				CLANG_CXX_LIBRARY = "libc++";
				CLANG_ENABLE_MODULES = YES;
				CLANG_ENABLE_OBJC_ARC = YES;
				CLANG_WARN_BOOL_CONVERSION = YES;
				CLANG_WARN_CONSTANT_CONVERSION = YES;
				CLANG_WARN_DIRECT_OBJC_ISA_USAGE = YES_ERROR;
				CLANG_WARN_DOCUMENTATION_COMMENTS = YES;
				CLANG_WARN_EMPTY_BODY = YES;
				CLANG_WARN_ENUM_CONVERSION = YES;
				CLANG_WARN_INFINITE_RECURSION = YES;
				CLANG_WARN_INT_CONVERSION = YES;
				CLANG_WARN_OBJC_ROOT_CLASS = YES_ERROR;
				CLANG_WARN_SUSPICIOUS_MOVE = YES;
				CLANG_WARN_UNREACHABLE_CODE = YES;
				CLANG_WARN__DUPLICATE_METHOD_MATCH = YES;
				CODE_SIGN_IDENTITY = "-";
				COPY_PHASE_STRIP = NO;
				DEBUG_INFORMATION_FORMAT = dwarf;
				ENABLE_STRICT_OBJC_MSGSEND = YES;
				ENABLE_TESTABILITY = YES;
				GCC_C_LANGUAGE_STANDARD = gnu99;
				GCC_DYNAMIC_NO_PIC = NO;
				GCC_NO_COMMON_BLOCKS = YES;
				GCC_OPTIMIZATION_LEVEL = 0;
				GCC_PREPROCESSOR_DEFINITIONS = (
					"DEBUG=1",
					"$(inherited)",
				);
				GCC_WARN_64_TO_32_BIT_CONVERSION = YES;
				GCC_WARN_ABOUT_RETURN_TYPE = YES_ERROR;
				GCC_WARN_UNDECLARED_SELECTOR = YES;
				GCC_WARN_UNINITIALIZED_AUTOS = YES_AGGRESSIVE;
				GCC_WARN_UNUSED_FUNCTION = YES;
				GCC_WARN_UNUSED_VARIABLE = YES;
				MACOSX_DEPLOYMENT_TARGET = 10.12;
				MTL_ENABLE_DEBUG_INFO = YES;
				ONLY_ACTIVE_ARCH = YES;
				SDKROOT = macosx;
				SWIFT_ACTIVE_COMPILATION_CONDITIONS = DEBUG;
				SWIFT_OPTIMIZATION_LEVEL = "-Onone";
			};
			name = Debug;
		};
		7B80E09A1E4E4ED300622937 /* Release */ = {
			isa = XCBuildConfiguration;
			buildSettings = {
				ALWAYS_SEARCH_USER_PATHS = NO;
				CLANG_ANALYZER_NONNULL = YES;
				CLANG_CXX_LANGUAGE_STANDARD = "gnu++0x";
				CLANG_CXX_LIBRARY = "libc++";
				CLANG_ENABLE_MODULES = YES;
				CLANG_ENABLE_OBJC_ARC = YES;
				CLANG_WARN_BOOL_CONVERSION = YES;
				CLANG_WARN_CONSTANT_CONVERSION = YES;
				CLANG_WARN_DIRECT_OBJC_ISA_USAGE = YES_ERROR;
				CLANG_WARN_DOCUMENTATION_COMMENTS = YES;
				CLANG_WARN_EMPTY_BODY = YES;
				CLANG_WARN_ENUM_CONVERSION = YES;
				CLANG_WARN_INFINITE_RECURSION = YES;
				CLANG_WARN_INT_CONVERSION = YES;
				CLANG_WARN_OBJC_ROOT_CLASS = YES_ERROR;
				CLANG_WARN_SUSPICIOUS_MOVE = YES;
				CLANG_WARN_UNREACHABLE_CODE = YES;
				CLANG_WARN__DUPLICATE_METHOD_MATCH = YES;
				CODE_SIGN_IDENTITY = "-";
				COPY_PHASE_STRIP = NO;
				DEBUG_INFORMATION_FORMAT = "dwarf-with-dsym";
				ENABLE_NS_ASSERTIONS = NO;
				ENABLE_STRICT_OBJC_MSGSEND = YES;
				GCC_C_LANGUAGE_STANDARD = gnu99;
				GCC_NO_COMMON_BLOCKS = YES;
				GCC_WARN_64_TO_32_BIT_CONVERSION = YES;
				GCC_WARN_ABOUT_RETURN_TYPE = YES_ERROR;
				GCC_WARN_UNDECLARED_SELECTOR = YES;
				GCC_WARN_UNINITIALIZED_AUTOS = YES_AGGRESSIVE;
				GCC_WARN_UNUSED_FUNCTION = YES;
				GCC_WARN_UNUSED_VARIABLE = YES;
				MACOSX_DEPLOYMENT_TARGET = 10.12;
				MTL_ENABLE_DEBUG_INFO = NO;
				SDKROOT = macosx;
				SWIFT_OPTIMIZATION_LEVEL = "-Owholemodule";
			};
			name = Release;
		};
		7B80E09C1E4E4ED300622937 /* Debug */ = {
			isa = XCBuildConfiguration;
			buildSettings = {
				ASSETCATALOG_COMPILER_APPICON_NAME = AppIcon;
				COMBINE_HIDPI_IMAGES = YES;
				DEVELOPMENT_TEAM = 999T2QHS45;
				INFOPLIST_FILE = BrowserExperiments/Info.plist;
				LD_RUNPATH_SEARCH_PATHS = "$(inherited) @executable_path/../Frameworks";
				PRODUCT_BUNDLE_IDENTIFIER = com.omnificCondition.BrowserExperiments;
				PRODUCT_NAME = "$(TARGET_NAME)";
				SWIFT_VERSION = 3.0;
			};
			name = Debug;
		};
		7B80E09D1E4E4ED300622937 /* Release */ = {
			isa = XCBuildConfiguration;
			buildSettings = {
				ASSETCATALOG_COMPILER_APPICON_NAME = AppIcon;
				COMBINE_HIDPI_IMAGES = YES;
				DEVELOPMENT_TEAM = 999T2QHS45;
				INFOPLIST_FILE = BrowserExperiments/Info.plist;
				LD_RUNPATH_SEARCH_PATHS = "$(inherited) @executable_path/../Frameworks";
				PRODUCT_BUNDLE_IDENTIFIER = com.omnificCondition.BrowserExperiments;
				PRODUCT_NAME = "$(TARGET_NAME)";
				SWIFT_VERSION = 3.0;
			};
			name = Release;
		};
/* End XCBuildConfiguration section */

/* Begin XCConfigurationList section */
		7B80E0871E4E4ED300622937 /* Build configuration list for PBXProject "BrowserExperiments" */ = {
			isa = XCConfigurationList;
			buildConfigurations = (
				7B80E0991E4E4ED300622937 /* Debug */,
				7B80E09A1E4E4ED300622937 /* Release */,
			);
			defaultConfigurationIsVisible = 0;
			defaultConfigurationName = Release;
		};
		7B80E09B1E4E4ED300622937 /* Build configuration list for PBXNativeTarget "BrowserExperiments" */ = {
			isa = XCConfigurationList;
			buildConfigurations = (
				7B80E09C1E4E4ED300622937 /* Debug */,
				7B80E09D1E4E4ED300622937 /* Release */,
			);
			defaultConfigurationIsVisible = 0;
		};
/* End XCConfigurationList section */
	};
	rootObject = 7B80E0841E4E4ED300622937 /* Project object */;
}
